
Microsoft Visual Studio Solution File, Format Version 12.00
# Visual Studio 15
VisualStudioVersion = 15.0.26430.14
MinimumVisualStudioVersion = 10.0.40219.1
Project("{FAE04EC0-301F-11D3-BF4B-00C04F79EFBC}") = "DOTNET.LOGS", "DOTNET.LOGS\DOTNET.LOGS.csproj", "{18DFAFCD-EA88-4F2B-B5CF-1F4CF1BFA8FB}"
EndProject
Project("{FAE04EC0-301F-11D3-BF4B-00C04F79EFBC}") = "DOTNET.LOGS.Tests", "DOTNET.LOGS.Tests\DOTNET.LOGS.Tests.csproj", "{B053971A-EDA0-4628-9C5C-2A6B715775DF}"
EndProject
Project("{FAE04EC0-301F-11D3-BF4B-00C04F79EFBC}") = "DOTNET.LOGS.Shared", "DOTNET.LOGS.Shared\DOTNET.LOGS.Shared.csproj", "{D4E97F62-2702-4A30-B3EA-8D713B0EBDE8}"
EndProject
Project("{FAE04EC0-301F-11D3-BF4B-00C04F79EFBC}") = "DOTNET.LOGS.DB", "DOTNET.LOGS.DB\DOTNET.LOGS.DB.csproj", "{C6E8676C-88B3-47EF-90CA-2A22DF26C6C6}"
EndProject
Project("{FAE04EC0-301F-11D3-BF4B-00C04F79EFBC}") = "DOTNET.LOGS.Logging", "DOTNET.LOGS.Logging\DOTNET.LOGS.Logging.csproj", "{B6E228EF-8E0B-40B1-82D4-9544979759E1}"
EndProject
Project("{FAE04EC0-301F-11D3-BF4B-00C04F79EFBC}") = "DOTNET.LOGS.Logging.Tests", "DOTNET.LOGS.Logging.Tests\DOTNET.LOGS.Logging.Tests.csproj", "{3371F227-8F1E-4D0C-852E-4DC53075AA12}"
EndProject
Project("{FAE04EC0-301F-11D3-BF4B-00C04F79EFBC}") = "DOTNET.LOGS.DB.Tests", "DOTNET.LOGS.DB.Tests\DOTNET.LOGS.DB.Tests.csproj", "{16306DB7-BC0B-4CF6-9E9A-186BB86C1265}"
EndProject
Global
	GlobalSection(SolutionConfigurationPlatforms) = preSolution
		Debug|Any CPU = Debug|Any CPU
		Release|Any CPU = Release|Any CPU
	EndGlobalSection
	GlobalSection(ProjectConfigurationPlatforms) = postSolution
		{18DFAFCD-EA88-4F2B-B5CF-1F4CF1BFA8FB}.Debug|Any CPU.ActiveCfg = Debug|Any CPU
		{18DFAFCD-EA88-4F2B-B5CF-1F4CF1BFA8FB}.Debug|Any CPU.Build.0 = Debug|Any CPU
		{18DFAFCD-EA88-4F2B-B5CF-1F4CF1BFA8FB}.Release|Any CPU.ActiveCfg = Release|Any CPU
		{18DFAFCD-EA88-4F2B-B5CF-1F4CF1BFA8FB}.Release|Any CPU.Build.0 = Release|Any CPU
		{B053971A-EDA0-4628-9C5C-2A6B715775DF}.Debug|Any CPU.ActiveCfg = Debug|Any CPU
		{B053971A-EDA0-4628-9C5C-2A6B715775DF}.Debug|Any CPU.Build.0 = Debug|Any CPU
		{B053971A-EDA0-4628-9C5C-2A6B715775DF}.Release|Any CPU.ActiveCfg = Release|Any CPU
		{B053971A-EDA0-4628-9C5C-2A6B715775DF}.Release|Any CPU.Build.0 = Release|Any CPU
		{D4E97F62-2702-4A30-B3EA-8D713B0EBDE8}.Debug|Any CPU.ActiveCfg = Debug|Any CPU
		{D4E97F62-2702-4A30-B3EA-8D713B0EBDE8}.Debug|Any CPU.Build.0 = Debug|Any CPU
		{D4E97F62-2702-4A30-B3EA-8D713B0EBDE8}.Release|Any CPU.ActiveCfg = Release|Any CPU
		{D4E97F62-2702-4A30-B3EA-8D713B0EBDE8}.Release|Any CPU.Build.0 = Release|Any CPU
		{C6E8676C-88B3-47EF-90CA-2A22DF26C6C6}.Debug|Any CPU.ActiveCfg = Debug|Any CPU
		{C6E8676C-88B3-47EF-90CA-2A22DF26C6C6}.Debug|Any CPU.Build.0 = Debug|Any CPU
		{C6E8676C-88B3-47EF-90CA-2A22DF26C6C6}.Release|Any CPU.ActiveCfg = Release|Any CPU
		{C6E8676C-88B3-47EF-90CA-2A22DF26C6C6}.Release|Any CPU.Build.0 = Release|Any CPU
		{B6E228EF-8E0B-40B1-82D4-9544979759E1}.Debug|Any CPU.ActiveCfg = Debug|Any CPU
		{B6E228EF-8E0B-40B1-82D4-9544979759E1}.Debug|Any CPU.Build.0 = Debug|Any CPU
		{B6E228EF-8E0B-40B1-82D4-9544979759E1}.Release|Any CPU.ActiveCfg = Release|Any CPU
		{B6E228EF-8E0B-40B1-82D4-9544979759E1}.Release|Any CPU.Build.0 = Release|Any CPU
		{3371F227-8F1E-4D0C-852E-4DC53075AA12}.Debug|Any CPU.ActiveCfg = Debug|Any CPU
		{3371F227-8F1E-4D0C-852E-4DC53075AA12}.Debug|Any CPU.Build.0 = Debug|Any CPU
		{3371F227-8F1E-4D0C-852E-4DC53075AA12}.Release|Any CPU.ActiveCfg = Release|Any CPU
		{3371F227-8F1E-4D0C-852E-4DC53075AA12}.Release|Any CPU.Build.0 = Release|Any CPU
		{16306DB7-BC0B-4CF6-9E9A-186BB86C1265}.Debug|Any CPU.ActiveCfg = Debug|Any CPU
		{16306DB7-BC0B-4CF6-9E9A-186BB86C1265}.Debug|Any CPU.Build.0 = Debug|Any CPU
		{16306DB7-BC0B-4CF6-9E9A-186BB86C1265}.Release|Any CPU.ActiveCfg = Release|Any CPU
		{16306DB7-BC0B-4CF6-9E9A-186BB86C1265}.Release|Any CPU.Build.0 = Release|Any CPU
	EndGlobalSection
	GlobalSection(SolutionProperties) = preSolution
		HideSolutionNode = FALSE
	EndGlobalSection
EndGlobal
